NeoBundleLock PreserveNoEOL 940e3ce90e54d8680bec1135a21dcfbd6c9bfb62
NeoBundleLock ctrlp-funky 519db3a54f6b8733e6d4de678ffbd971087f865d
NeoBundleLock ctrlp-modified.vim 13c9be84fb780ea7dcca9d05c6d75db5fc78ca38
NeoBundleLock ctrlp.vim b5d3fe66a58a13d2ff8b6391f4387608496a030f
NeoBundleLock elm.vim 916842745a73c73d25437ca17b88f32d8c944e1d
NeoBundleLock linediff.vim 3139079bd4cd196af60829c599456d08bc3f8c2b
NeoBundleLock neobundle.vim 5a4145a83e9993e559f493af64f5a2e6bd3f6327
NeoBundleLock rust.vim 2450ecf3091cc7c2711ca9f00eae8e3bedd04376
NeoBundleLock snipmate.vim f5a75d075d3c005ebe69e3f5e56cf99516e8aa3b
NeoBundleLock vim-colors-solarized 528a59f26d12278698bb946f8fb82a63711eec21
NeoBundleLock vim-javascript bab4f3944fb6ef0953991ddfb6c734219c95b83a
NeoBundleLock vim-less 6fae407f7ed666a6dd0fb596e67df8787dccca59
NeoBundleLock vim-localvimrc 2c226882307c07ecebb978b807e4dec881bf35ba
NeoBundleLock vim-markdown e5af33f813cf0f26e7a125eb734c5f4a9597306e
NeoBundleLock vim-misc 3e6b8fb6f03f13434543ce1f5d24f6a5d3f34f0b
NeoBundleLock vim-session 060dea430d2626f8a1e4e65e9565ab173bc319b3
NeoBundleLock vim-surround 2d05440ad23f97a7874ebd9b5de3a0e65d25d85c
NeoBundleLock vim-swift a0f827964ec5066e3f5748004626a7e31094cf3d
NeoBundleLock vim-tmux-navigator 176452ead44118174ddad3502709a247d9c24bb4
